// !$*UTF8*$!
{
	archiveVersion = 1;
	classes = {
	};
	objectVersion = 46;
	objects = {

/* Begin PBXBuildFile section */
		117945511D522F2600D8B6DE /* AboutViewController.swift in Sources */ = {isa = PBXBuildFile; fileRef = 117945501D522F2600D8B6DE /* AboutViewController.swift */; };
		117945541D52483900D8B6DE /* Localizable.strings in Resources */ = {isa = PBXBuildFile; fileRef = 117945561D52483900D8B6DE /* Localizable.strings */; };
		1779F7FB4963B7BD07242126 /* Pods_TimerAppUITests.framework in Frameworks */ = {isa = PBXBuildFile; fileRef = 2C19D72AD8DF94E534DFB859 /* Pods_TimerAppUITests.framework */; };
		2EEF6A131F34EB86008DF463 /* RoundedPickerView.swift in Sources */ = {isa = PBXBuildFile; fileRef = 2EEF6A121F34EB86008DF463 /* RoundedPickerView.swift */; };
		610C57471F2CCA8300AB0909 /* Extensions.swift in Sources */ = {isa = PBXBuildFile; fileRef = 610C57461F2CCA8300AB0909 /* Extensions.swift */; };
		610C57491F2CCBB500AB0909 /* Speaker.swift in Sources */ = {isa = PBXBuildFile; fileRef = 610C57481F2CCBB500AB0909 /* Speaker.swift */; };
		6172F6DB1ECF73B10021F1E0 /* Constants.swift in Sources */ = {isa = PBXBuildFile; fileRef = 6172F6DA1ECF73B10021F1E0 /* Constants.swift */; };
		619656011F2C9516008FAF1D /* IntervalViewController.swift in Sources */ = {isa = PBXBuildFile; fileRef = 619656001F2C9516008FAF1D /* IntervalViewController.swift */; };
		6196560F1F2CA7D6008FAF1D /* style-7_digital-7 in Resources */ = {isa = PBXBuildFile; fileRef = 6196560E1F2CA7D5008FAF1D /* style-7_digital-7 */; };
		6196561C1F2CA93D008FAF1D /* digital-7 (italic).ttf in Resources */ = {isa = PBXBuildFile; fileRef = 619656181F2CA93D008FAF1D /* digital-7 (italic).ttf */; };
		6196561D1F2CA93D008FAF1D /* digital-7 (mono italic).ttf in Resources */ = {isa = PBXBuildFile; fileRef = 619656191F2CA93D008FAF1D /* digital-7 (mono italic).ttf */; };
		6196561E1F2CA93D008FAF1D /* digital-7 (mono).ttf in Resources */ = {isa = PBXBuildFile; fileRef = 6196561A1F2CA93D008FAF1D /* digital-7 (mono).ttf */; };
		6196561F1F2CA93D008FAF1D /* digital-7.ttf in Resources */ = {isa = PBXBuildFile; fileRef = 6196561B1F2CA93D008FAF1D /* digital-7.ttf */; };
		61A9ADC01CF73B3700B6A12B /* AppDelegate.swift in Sources */ = {isa = PBXBuildFile; fileRef = 61A9ADBF1CF73B3700B6A12B /* AppDelegate.swift */; };
		61A9ADC51CF73B3700B6A12B /* Main.storyboard in Resources */ = {isa = PBXBuildFile; fileRef = 61A9ADC31CF73B3700B6A12B /* Main.storyboard */; };
		61A9ADC71CF73B3700B6A12B /* Assets.xcassets in Resources */ = {isa = PBXBuildFile; fileRef = 61A9ADC61CF73B3700B6A12B /* Assets.xcassets */; };
		61A9ADCA1CF73B3700B6A12B /* LaunchScreen.storyboard in Resources */ = {isa = PBXBuildFile; fileRef = 61A9ADC81CF73B3700B6A12B /* LaunchScreen.storyboard */; };
		61A9ADD51CF73B3700B6A12B /* TimerAppTests.swift in Sources */ = {isa = PBXBuildFile; fileRef = 61A9ADD41CF73B3700B6A12B /* TimerAppTests.swift */; };
		61A9ADE01CF73B3700B6A12B /* TimerAppUITests.swift in Sources */ = {isa = PBXBuildFile; fileRef = 61A9ADDF1CF73B3700B6A12B /* TimerAppUITests.swift */; };
		61A9ADEE1CF73BEB00B6A12B /* SpeechViewController.swift in Sources */ = {isa = PBXBuildFile; fileRef = 61A9ADED1CF73BEB00B6A12B /* SpeechViewController.swift */; };
		61D0F0001F2E241B00FE08A0 /* DrawView.swift in Sources */ = {isa = PBXBuildFile; fileRef = 61D0EFFF1F2E241B00FE08A0 /* DrawView.swift */; };
		61D0F0021F2E260200FE08A0 /* ActionButtonView.xib in Resources */ = {isa = PBXBuildFile; fileRef = 61D0F0011F2E260200FE08A0 /* ActionButtonView.xib */; };
		61F528791D93ED8900E3C2E4 /* PrivateConstants.swift in Sources */ = {isa = PBXBuildFile; fileRef = 61F528781D93ED8900E3C2E4 /* PrivateConstants.swift */; };
		96E546AFBDE551D8B28C0E05 /* Pods_TimerApp.framework in Frameworks */ = {isa = PBXBuildFile; fileRef = 63A69E962BDF2A811073E0E1 /* Pods_TimerApp.framework */; };
		DBE38F8463A55B9F64BC3342 /* Pods_TimerAppTests.framework in Frameworks */ = {isa = PBXBuildFile; fileRef = 5C16D9170B06C6194FE794E3 /* Pods_TimerAppTests.framework */; };
/* End PBXBuildFile section */

/* Begin PBXContainerItemProxy section */
		61A9ADD11CF73B3700B6A12B /* PBXContainerItemProxy */ = {
			isa = PBXContainerItemProxy;
			containerPortal = 61A9ADB41CF73B3700B6A12B /* Project object */;
			proxyType = 1;
			remoteGlobalIDString = 61A9ADBB1CF73B3700B6A12B;
			remoteInfo = TimerApp;
		};
		61A9ADDC1CF73B3700B6A12B /* PBXContainerItemProxy */ = {
			isa = PBXContainerItemProxy;
			containerPortal = 61A9ADB41CF73B3700B6A12B /* Project object */;
			proxyType = 1;
			remoteGlobalIDString = 61A9ADBB1CF73B3700B6A12B;
			remoteInfo = TimerApp;
		};
/* End PBXContainerItemProxy section */

/* Begin PBXFileReference section */
		117945501D522F2600D8B6DE /* AboutViewController.swift */ = {isa = PBXFileReference; fileEncoding = 4; lastKnownFileType = sourcecode.swift; path = AboutViewController.swift; sourceTree = "<group>"; };
		117945551D52483900D8B6DE /* Base */ = {isa = PBXFileReference; lastKnownFileType = text.plist.strings; name = Base; path = Base.lproj/Localizable.strings; sourceTree = "<group>"; };
		12692C3D80FD1F109396F4FE /* Pods-TimerAppUITests.debug.xcconfig */ = {isa = PBXFileReference; includeInIndex = 1; lastKnownFileType = text.xcconfig; name = "Pods-TimerAppUITests.debug.xcconfig"; path = "Pods/Target Support Files/Pods-TimerAppUITests/Pods-TimerAppUITests.debug.xcconfig"; sourceTree = "<group>"; };
		2C19D72AD8DF94E534DFB859 /* Pods_TimerAppUITests.framework */ = {isa = PBXFileReference; explicitFileType = wrapper.framework; includeInIndex = 0; path = Pods_TimerAppUITests.framework; sourceTree = BUILT_PRODUCTS_DIR; };
		2EEF6A121F34EB86008DF463 /* RoundedPickerView.swift */ = {isa = PBXFileReference; fileEncoding = 4; lastKnownFileType = sourcecode.swift; path = RoundedPickerView.swift; sourceTree = "<group>"; };
		513FBC9C917974284A8050C9 /* Pods-TimerAppTests.debug.xcconfig */ = {isa = PBXFileReference; includeInIndex = 1; lastKnownFileType = text.xcconfig; name = "Pods-TimerAppTests.debug.xcconfig"; path = "Pods/Target Support Files/Pods-TimerAppTests/Pods-TimerAppTests.debug.xcconfig"; sourceTree = "<group>"; };
		5C16D9170B06C6194FE794E3 /* Pods_TimerAppTests.framework */ = {isa = PBXFileReference; explicitFileType = wrapper.framework; includeInIndex = 0; path = Pods_TimerAppTests.framework; sourceTree = BUILT_PRODUCTS_DIR; };
		610C57461F2CCA8300AB0909 /* Extensions.swift */ = {isa = PBXFileReference; fileEncoding = 4; lastKnownFileType = sourcecode.swift; path = Extensions.swift; sourceTree = "<group>"; };
		610C57481F2CCBB500AB0909 /* Speaker.swift */ = {isa = PBXFileReference; fileEncoding = 4; lastKnownFileType = sourcecode.swift; path = Speaker.swift; sourceTree = "<group>"; };
		6172F6DA1ECF73B10021F1E0 /* Constants.swift */ = {isa = PBXFileReference; fileEncoding = 4; lastKnownFileType = sourcecode.swift; path = Constants.swift; sourceTree = "<group>"; };
		619656001F2C9516008FAF1D /* IntervalViewController.swift */ = {isa = PBXFileReference; fileEncoding = 4; lastKnownFileType = sourcecode.swift; path = IntervalViewController.swift; sourceTree = "<group>"; };
		6196560E1F2CA7D5008FAF1D /* style-7_digital-7 */ = {isa = PBXFileReference; lastKnownFileType = folder; path = "style-7_digital-7"; sourceTree = "<group>"; };
		619656181F2CA93D008FAF1D /* digital-7 (italic).ttf */ = {isa = PBXFileReference; lastKnownFileType = file; path = "digital-7 (italic).ttf"; sourceTree = "<group>"; };
		619656191F2CA93D008FAF1D /* digital-7 (mono italic).ttf */ = {isa = PBXFileReference; lastKnownFileType = file; path = "digital-7 (mono italic).ttf"; sourceTree = "<group>"; };
		6196561A1F2CA93D008FAF1D /* digital-7 (mono).ttf */ = {isa = PBXFileReference; lastKnownFileType = file; path = "digital-7 (mono).ttf"; sourceTree = "<group>"; };
		6196561B1F2CA93D008FAF1D /* digital-7.ttf */ = {isa = PBXFileReference; lastKnownFileType = file; path = "digital-7.ttf"; sourceTree = "<group>"; };
		61A9ADBC1CF73B3700B6A12B /* TimerApp.app */ = {isa = PBXFileReference; explicitFileType = wrapper.application; includeInIndex = 0; path = TimerApp.app; sourceTree = BUILT_PRODUCTS_DIR; };
		61A9ADBF1CF73B3700B6A12B /* AppDelegate.swift */ = {isa = PBXFileReference; lastKnownFileType = sourcecode.swift; path = AppDelegate.swift; sourceTree = "<group>"; };
		61A9ADC41CF73B3700B6A12B /* Base */ = {isa = PBXFileReference; lastKnownFileType = file.storyboard; name = Base; path = Base.lproj/Main.storyboard; sourceTree = "<group>"; };
		61A9ADC61CF73B3700B6A12B /* Assets.xcassets */ = {isa = PBXFileReference; lastKnownFileType = folder.assetcatalog; path = Assets.xcassets; sourceTree = "<group>"; };
		61A9ADC91CF73B3700B6A12B /* Base */ = {isa = PBXFileReference; lastKnownFileType = file.storyboard; name = Base; path = Base.lproj/LaunchScreen.storyboard; sourceTree = "<group>"; };
		61A9ADCB1CF73B3700B6A12B /* Info.plist */ = {isa = PBXFileReference; lastKnownFileType = text.plist.xml; path = Info.plist; sourceTree = "<group>"; };
		61A9ADD01CF73B3700B6A12B /* TimerAppTests.xctest */ = {isa = PBXFileReference; explicitFileType = wrapper.cfbundle; includeInIndex = 0; path = TimerAppTests.xctest; sourceTree = BUILT_PRODUCTS_DIR; };
		61A9ADD41CF73B3700B6A12B /* TimerAppTests.swift */ = {isa = PBXFileReference; lastKnownFileType = sourcecode.swift; path = TimerAppTests.swift; sourceTree = "<group>"; };
		61A9ADD61CF73B3700B6A12B /* Info.plist */ = {isa = PBXFileReference; lastKnownFileType = text.plist.xml; path = Info.plist; sourceTree = "<group>"; };
		61A9ADDB1CF73B3700B6A12B /* TimerAppUITests.xctest */ = {isa = PBXFileReference; explicitFileType = wrapper.cfbundle; includeInIndex = 0; path = TimerAppUITests.xctest; sourceTree = BUILT_PRODUCTS_DIR; };
		61A9ADDF1CF73B3700B6A12B /* TimerAppUITests.swift */ = {isa = PBXFileReference; lastKnownFileType = sourcecode.swift; path = TimerAppUITests.swift; sourceTree = "<group>"; };
		61A9ADE11CF73B3700B6A12B /* Info.plist */ = {isa = PBXFileReference; lastKnownFileType = text.plist.xml; path = Info.plist; sourceTree = "<group>"; };
		61A9ADED1CF73BEB00B6A12B /* SpeechViewController.swift */ = {isa = PBXFileReference; fileEncoding = 4; lastKnownFileType = sourcecode.swift; path = SpeechViewController.swift; sourceTree = "<group>"; };
		61D0EFFF1F2E241B00FE08A0 /* DrawView.swift */ = {isa = PBXFileReference; fileEncoding = 4; lastKnownFileType = sourcecode.swift; path = DrawView.swift; sourceTree = "<group>"; };
		61D0F0011F2E260200FE08A0 /* ActionButtonView.xib */ = {isa = PBXFileReference; fileEncoding = 4; lastKnownFileType = file.xib; path = ActionButtonView.xib; sourceTree = "<group>"; };
		61F528781D93ED8900E3C2E4 /* PrivateConstants.swift */ = {isa = PBXFileReference; fileEncoding = 4; lastKnownFileType = sourcecode.swift; path = PrivateConstants.swift; sourceTree = "<group>"; };
		61F5287A1D940F2300E3C2E4 /* TimerApp.entitlements */ = {isa = PBXFileReference; lastKnownFileType = text.plist.entitlements; path = TimerApp.entitlements; sourceTree = "<group>"; };
		63A69E962BDF2A811073E0E1 /* Pods_TimerApp.framework */ = {isa = PBXFileReference; explicitFileType = wrapper.framework; includeInIndex = 0; path = Pods_TimerApp.framework; sourceTree = BUILT_PRODUCTS_DIR; };
		6DE91FB4B38815BD6C7A28F0 /* Pods-TimerAppTests.release.xcconfig */ = {isa = PBXFileReference; includeInIndex = 1; lastKnownFileType = text.xcconfig; name = "Pods-TimerAppTests.release.xcconfig"; path = "Pods/Target Support Files/Pods-TimerAppTests/Pods-TimerAppTests.release.xcconfig"; sourceTree = "<group>"; };
		D135309B3A6466734611B738 /* Pods-TimerAppUITests.release.xcconfig */ = {isa = PBXFileReference; includeInIndex = 1; lastKnownFileType = text.xcconfig; name = "Pods-TimerAppUITests.release.xcconfig"; path = "Pods/Target Support Files/Pods-TimerAppUITests/Pods-TimerAppUITests.release.xcconfig"; sourceTree = "<group>"; };
		FD256A573DA3EC0480E9C74D /* Pods-TimerApp.debug.xcconfig */ = {isa = PBXFileReference; includeInIndex = 1; lastKnownFileType = text.xcconfig; name = "Pods-TimerApp.debug.xcconfig"; path = "Pods/Target Support Files/Pods-TimerApp/Pods-TimerApp.debug.xcconfig"; sourceTree = "<group>"; };
		FD6AE01814BB799660419886 /* Pods-TimerApp.release.xcconfig */ = {isa = PBXFileReference; includeInIndex = 1; lastKnownFileType = text.xcconfig; name = "Pods-TimerApp.release.xcconfig"; path = "Pods/Target Support Files/Pods-TimerApp/Pods-TimerApp.release.xcconfig"; sourceTree = "<group>"; };
/* End PBXFileReference section */

/* Begin PBXFrameworksBuildPhase section */
		61A9ADB91CF73B3700B6A12B /* Frameworks */ = {
			isa = PBXFrameworksBuildPhase;
			buildActionMask = 2147483647;
			files = (
				96E546AFBDE551D8B28C0E05 /* Pods_TimerApp.framework in Frameworks */,
			);
			runOnlyForDeploymentPostprocessing = 0;
		};
		61A9ADCD1CF73B3700B6A12B /* Frameworks */ = {
			isa = PBXFrameworksBuildPhase;
			buildActionMask = 2147483647;
			files = (
				DBE38F8463A55B9F64BC3342 /* Pods_TimerAppTests.framework in Frameworks */,
			);
			runOnlyForDeploymentPostprocessing = 0;
		};
		61A9ADD81CF73B3700B6A12B /* Frameworks */ = {
			isa = PBXFrameworksBuildPhase;
			buildActionMask = 2147483647;
			files = (
				1779F7FB4963B7BD07242126 /* Pods_TimerAppUITests.framework in Frameworks */,
			);
			runOnlyForDeploymentPostprocessing = 0;
		};
/* End PBXFrameworksBuildPhase section */

/* Begin PBXGroup section */
		276D25BF65A9D76BF6206235 /* Frameworks */ = {
			isa = PBXGroup;
			children = (
				63A69E962BDF2A811073E0E1 /* Pods_TimerApp.framework */,
				5C16D9170B06C6194FE794E3 /* Pods_TimerAppTests.framework */,
				2C19D72AD8DF94E534DFB859 /* Pods_TimerAppUITests.framework */,
			);
			name = Frameworks;
			sourceTree = "<group>";
		};
		61A9ADB31CF73B3700B6A12B = {
			isa = PBXGroup;
			children = (
				619656181F2CA93D008FAF1D /* digital-7 (italic).ttf */,
				619656191F2CA93D008FAF1D /* digital-7 (mono italic).ttf */,
				6196561A1F2CA93D008FAF1D /* digital-7 (mono).ttf */,
				6196561B1F2CA93D008FAF1D /* digital-7.ttf */,
				61A9ADBE1CF73B3700B6A12B /* TimerApp */,
				61A9ADD31CF73B3700B6A12B /* TimerAppTests */,
				61A9ADDE1CF73B3700B6A12B /* TimerAppUITests */,
				61A9ADBD1CF73B3700B6A12B /* Products */,
				D658897AF0B4EAB77E6A4238 /* Pods */,
				276D25BF65A9D76BF6206235 /* Frameworks */,
			);
			sourceTree = "<group>";
		};
		61A9ADBD1CF73B3700B6A12B /* Products */ = {
			isa = PBXGroup;
			children = (
				61A9ADBC1CF73B3700B6A12B /* TimerApp.app */,
				61A9ADD01CF73B3700B6A12B /* TimerAppTests.xctest */,
				61A9ADDB1CF73B3700B6A12B /* TimerAppUITests.xctest */,
			);
			name = Products;
			sourceTree = "<group>";
		};
		61A9ADBE1CF73B3700B6A12B /* TimerApp */ = {
			isa = PBXGroup;
			children = (
				6196560E1F2CA7D5008FAF1D /* style-7_digital-7 */,
				61F5287A1D940F2300E3C2E4 /* TimerApp.entitlements */,
				61A9ADED1CF73BEB00B6A12B /* SpeechViewController.swift */,
				117945501D522F2600D8B6DE /* AboutViewController.swift */,
				61A9ADBF1CF73B3700B6A12B /* AppDelegate.swift */,
				61A9ADC31CF73B3700B6A12B /* Main.storyboard */,
				61A9ADC61CF73B3700B6A12B /* Assets.xcassets */,
				61A9ADC81CF73B3700B6A12B /* LaunchScreen.storyboard */,
				61A9ADCB1CF73B3700B6A12B /* Info.plist */,
				117945561D52483900D8B6DE /* Localizable.strings */,
				61F528781D93ED8900E3C2E4 /* PrivateConstants.swift */,
				6172F6DA1ECF73B10021F1E0 /* Constants.swift */,
				619656001F2C9516008FAF1D /* IntervalViewController.swift */,
				610C57461F2CCA8300AB0909 /* Extensions.swift */,
				610C57481F2CCBB500AB0909 /* Speaker.swift */,
				61D0EFFF1F2E241B00FE08A0 /* DrawView.swift */,
				61D0F0011F2E260200FE08A0 /* ActionButtonView.xib */,
				2EEF6A121F34EB86008DF463 /* RoundedPickerView.swift */,
			);
			path = TimerApp;
			sourceTree = "<group>";
		};
		61A9ADD31CF73B3700B6A12B /* TimerAppTests */ = {
			isa = PBXGroup;
			children = (
				61A9ADD41CF73B3700B6A12B /* TimerAppTests.swift */,
				61A9ADD61CF73B3700B6A12B /* Info.plist */,
			);
			path = TimerAppTests;
			sourceTree = "<group>";
		};
		61A9ADDE1CF73B3700B6A12B /* TimerAppUITests */ = {
			isa = PBXGroup;
			children = (
				61A9ADDF1CF73B3700B6A12B /* TimerAppUITests.swift */,
				61A9ADE11CF73B3700B6A12B /* Info.plist */,
			);
			path = TimerAppUITests;
			sourceTree = "<group>";
		};
		D658897AF0B4EAB77E6A4238 /* Pods */ = {
			isa = PBXGroup;
			children = (
				FD256A573DA3EC0480E9C74D /* Pods-TimerApp.debug.xcconfig */,
				FD6AE01814BB799660419886 /* Pods-TimerApp.release.xcconfig */,
				513FBC9C917974284A8050C9 /* Pods-TimerAppTests.debug.xcconfig */,
				6DE91FB4B38815BD6C7A28F0 /* Pods-TimerAppTests.release.xcconfig */,
				12692C3D80FD1F109396F4FE /* Pods-TimerAppUITests.debug.xcconfig */,
				D135309B3A6466734611B738 /* Pods-TimerAppUITests.release.xcconfig */,
			);
			name = Pods;
			sourceTree = "<group>";
		};
/* End PBXGroup section */

/* Begin PBXNativeTarget section */
		61A9ADBB1CF73B3700B6A12B /* TimerApp */ = {
			isa = PBXNativeTarget;
			buildConfigurationList = 61A9ADE41CF73B3800B6A12B /* Build configuration list for PBXNativeTarget "TimerApp" */;
			buildPhases = (
				634BA9BBD2152D1B13992953 /* [CP] Check Pods Manifest.lock */,
				61A9ADB81CF73B3700B6A12B /* Sources */,
				61A9ADB91CF73B3700B6A12B /* Frameworks */,
				61A9ADBA1CF73B3700B6A12B /* Resources */,
				6191050C1D5B812C00E90B93 /* ShellScript */,
				9A8C766C1575B9CD97CF2FC2 /* [CP] Embed Pods Frameworks */,
				51FD31D1B4BAC844852A985A /* [CP] Copy Pods Resources */,
			);
			buildRules = (
			);
			dependencies = (
			);
			name = TimerApp;
			productName = TimerApp;
			productReference = 61A9ADBC1CF73B3700B6A12B /* TimerApp.app */;
			productType = "com.apple.product-type.application";
		};
		61A9ADCF1CF73B3700B6A12B /* TimerAppTests */ = {
			isa = PBXNativeTarget;
			buildConfigurationList = 61A9ADE71CF73B3800B6A12B /* Build configuration list for PBXNativeTarget "TimerAppTests" */;
			buildPhases = (
				E2CC030807C1BFE8A215B94B /* [CP] Check Pods Manifest.lock */,
				61A9ADCC1CF73B3700B6A12B /* Sources */,
				61A9ADCD1CF73B3700B6A12B /* Frameworks */,
				61A9ADCE1CF73B3700B6A12B /* Resources */,
				FF30D1108F91751814056DA0 /* [CP] Embed Pods Frameworks */,
				E03267579BDFB849C44DCA66 /* [CP] Copy Pods Resources */,
			);
			buildRules = (
			);
			dependencies = (
				61A9ADD21CF73B3700B6A12B /* PBXTargetDependency */,
			);
			name = TimerAppTests;
			productName = TimerAppTests;
			productReference = 61A9ADD01CF73B3700B6A12B /* TimerAppTests.xctest */;
			productType = "com.apple.product-type.bundle.unit-test";
		};
		61A9ADDA1CF73B3700B6A12B /* TimerAppUITests */ = {
			isa = PBXNativeTarget;
			buildConfigurationList = 61A9ADEA1CF73B3800B6A12B /* Build configuration list for PBXNativeTarget "TimerAppUITests" */;
			buildPhases = (
				A302EB64DE3ED26F30613217 /* [CP] Check Pods Manifest.lock */,
				61A9ADD71CF73B3700B6A12B /* Sources */,
				61A9ADD81CF73B3700B6A12B /* Frameworks */,
				61A9ADD91CF73B3700B6A12B /* Resources */,
				1E4B3511AC3E845F0AD8488C /* [CP] Embed Pods Frameworks */,
				1449A3D72F1DEE2691A68B41 /* [CP] Copy Pods Resources */,
			);
			buildRules = (
			);
			dependencies = (
				61A9ADDD1CF73B3700B6A12B /* PBXTargetDependency */,
			);
			name = TimerAppUITests;
			productName = TimerAppUITests;
			productReference = 61A9ADDB1CF73B3700B6A12B /* TimerAppUITests.xctest */;
			productType = "com.apple.product-type.bundle.ui-testing";
		};
/* End PBXNativeTarget section */

/* Begin PBXProject section */
		61A9ADB41CF73B3700B6A12B /* Project object */ = {
			isa = PBXProject;
			attributes = {
				LastSwiftUpdateCheck = 0730;
				LastUpgradeCheck = 0800;
				ORGANIZATIONNAME = "David Symhoven";
				TargetAttributes = {
					61A9ADBB1CF73B3700B6A12B = {
						CreatedOnToolsVersion = 7.3.1;
						DevelopmentTeam = AD4H7C77R6;
						LastSwiftMigration = 0800;
						ProvisioningStyle = Manual;
						SystemCapabilities = {
							com.apple.Push = {
								enabled = 1;
							};
						};
					};
					61A9ADCF1CF73B3700B6A12B = {
						CreatedOnToolsVersion = 7.3.1;
						DevelopmentTeam = EL5N6YFFYG;
						LastSwiftMigration = 0800;
						TestTargetID = 61A9ADBB1CF73B3700B6A12B;
					};
					61A9ADDA1CF73B3700B6A12B = {
						CreatedOnToolsVersion = 7.3.1;
						DevelopmentTeam = EL5N6YFFYG;
						LastSwiftMigration = 0800;
						TestTargetID = 61A9ADBB1CF73B3700B6A12B;
					};
				};
			};
			buildConfigurationList = 61A9ADB71CF73B3700B6A12B /* Build configuration list for PBXProject "TimerApp" */;
			compatibilityVersion = "Xcode 3.2";
			developmentRegion = English;
			hasScannedForEncodings = 0;
			knownRegions = (
				en,
				Base,
			);
			mainGroup = 61A9ADB31CF73B3700B6A12B;
			productRefGroup = 61A9ADBD1CF73B3700B6A12B /* Products */;
			projectDirPath = "";
			projectRoot = "";
			targets = (
				61A9ADBB1CF73B3700B6A12B /* TimerApp */,
				61A9ADCF1CF73B3700B6A12B /* TimerAppTests */,
				61A9ADDA1CF73B3700B6A12B /* TimerAppUITests */,
			);
		};
/* End PBXProject section */

/* Begin PBXResourcesBuildPhase section */
		61A9ADBA1CF73B3700B6A12B /* Resources */ = {
			isa = PBXResourcesBuildPhase;
			buildActionMask = 2147483647;
			files = (
				61A9ADCA1CF73B3700B6A12B /* LaunchScreen.storyboard in Resources */,
				117945541D52483900D8B6DE /* Localizable.strings in Resources */,
				61A9ADC71CF73B3700B6A12B /* Assets.xcassets in Resources */,
				6196560F1F2CA7D6008FAF1D /* style-7_digital-7 in Resources */,
				6196561C1F2CA93D008FAF1D /* digital-7 (italic).ttf in Resources */,
				6196561D1F2CA93D008FAF1D /* digital-7 (mono italic).ttf in Resources */,
				61D0F0021F2E260200FE08A0 /* ActionButtonView.xib in Resources */,
				6196561E1F2CA93D008FAF1D /* digital-7 (mono).ttf in Resources */,
				6196561F1F2CA93D008FAF1D /* digital-7.ttf in Resources */,
				61A9ADC51CF73B3700B6A12B /* Main.storyboard in Resources */,
			);
			runOnlyForDeploymentPostprocessing = 0;
		};
		61A9ADCE1CF73B3700B6A12B /* Resources */ = {
			isa = PBXResourcesBuildPhase;
			buildActionMask = 2147483647;
			files = (
			);
			runOnlyForDeploymentPostprocessing = 0;
		};
		61A9ADD91CF73B3700B6A12B /* Resources */ = {
			isa = PBXResourcesBuildPhase;
			buildActionMask = 2147483647;
			files = (
			);
			runOnlyForDeploymentPostprocessing = 0;
		};
/* End PBXResourcesBuildPhase section */

/* Begin PBXShellScriptBuildPhase section */
		1449A3D72F1DEE2691A68B41 /* [CP] Copy Pods Resources */ = {
			isa = PBXShellScriptBuildPhase;
			buildActionMask = 2147483647;
			files = (
			);
			inputPaths = (
			);
			name = "[CP] Copy Pods Resources";
			outputPaths = (
			);
			runOnlyForDeploymentPostprocessing = 0;
			shellPath = /bin/sh;
			shellScript = "\"${SRCROOT}/Pods/Target Support Files/Pods-TimerAppUITests/Pods-TimerAppUITests-resources.sh\"\n";
			showEnvVarsInLog = 0;
		};
		1E4B3511AC3E845F0AD8488C /* [CP] Embed Pods Frameworks */ = {
			isa = PBXShellScriptBuildPhase;
			buildActionMask = 2147483647;
			files = (
			);
			inputPaths = (
			);
			name = "[CP] Embed Pods Frameworks";
			outputPaths = (
			);
			runOnlyForDeploymentPostprocessing = 0;
			shellPath = /bin/sh;
			shellScript = "\"${SRCROOT}/Pods/Target Support Files/Pods-TimerAppUITests/Pods-TimerAppUITests-frameworks.sh\"\n";
			showEnvVarsInLog = 0;
		};
		51FD31D1B4BAC844852A985A /* [CP] Copy Pods Resources */ = {
			isa = PBXShellScriptBuildPhase;
			buildActionMask = 2147483647;
			files = (
			);
			inputPaths = (
			);
			name = "[CP] Copy Pods Resources";
			outputPaths = (
			);
			runOnlyForDeploymentPostprocessing = 0;
			shellPath = /bin/sh;
			shellScript = "\"${SRCROOT}/Pods/Target Support Files/Pods-TimerApp/Pods-TimerApp-resources.sh\"\n";
			showEnvVarsInLog = 0;
		};
		6191050C1D5B812C00E90B93 /* ShellScript */ = {
			isa = PBXShellScriptBuildPhase;
			buildActionMask = 2147483647;
			files = (
			);
			inputPaths = (
			);
			outputPaths = (
			);
			runOnlyForDeploymentPostprocessing = 0;
			shellPath = /bin/sh;
			shellScript = "./Fabric.framework/run 66fae5d1c6c7ebc3ebd112e6007ac7c75cc05364 a8863bca3684ecf5627f6efbdf973793c273cc31a03650b88ca0c473edd7d7ee";
		};
		634BA9BBD2152D1B13992953 /* [CP] Check Pods Manifest.lock */ = {
			isa = PBXShellScriptBuildPhase;
			buildActionMask = 2147483647;
			files = (
			);
			inputPaths = (
			);
			name = "[CP] Check Pods Manifest.lock";
			outputPaths = (
			);
			runOnlyForDeploymentPostprocessing = 0;
			shellPath = /bin/sh;
			shellScript = "diff \"${PODS_PODFILE_DIR_PATH}/Podfile.lock\" \"${PODS_ROOT}/Manifest.lock\" > /dev/null\nif [ $? != 0 ] ; then\n    # print error to STDERR\n    echo \"error: The sandbox is not in sync with the Podfile.lock. Run 'pod install' or update your CocoaPods installation.\" >&2\n    exit 1\nfi\n";
			showEnvVarsInLog = 0;
		};
		9A8C766C1575B9CD97CF2FC2 /* [CP] Embed Pods Frameworks */ = {
			isa = PBXShellScriptBuildPhase;
			buildActionMask = 2147483647;
			files = (
			);
			inputPaths = (
			);
			name = "[CP] Embed Pods Frameworks";
			outputPaths = (
			);
			runOnlyForDeploymentPostprocessing = 0;
			shellPath = /bin/sh;
			shellScript = "\"${SRCROOT}/Pods/Target Support Files/Pods-TimerApp/Pods-TimerApp-frameworks.sh\"\n";
			showEnvVarsInLog = 0;
		};
		A302EB64DE3ED26F30613217 /* [CP] Check Pods Manifest.lock */ = {
			isa = PBXShellScriptBuildPhase;
			buildActionMask = 2147483647;
			files = (
			);
			inputPaths = (
			);
			name = "[CP] Check Pods Manifest.lock";
			outputPaths = (
			);
			runOnlyForDeploymentPostprocessing = 0;
			shellPath = /bin/sh;
			shellScript = "diff \"${PODS_PODFILE_DIR_PATH}/Podfile.lock\" \"${PODS_ROOT}/Manifest.lock\" > /dev/null\nif [ $? != 0 ] ; then\n    # print error to STDERR\n    echo \"error: The sandbox is not in sync with the Podfile.lock. Run 'pod install' or update your CocoaPods installation.\" >&2\n    exit 1\nfi\n";
			showEnvVarsInLog = 0;
		};
		E03267579BDFB849C44DCA66 /* [CP] Copy Pods Resources */ = {
			isa = PBXShellScriptBuildPhase;
			buildActionMask = 2147483647;
			files = (
			);
			inputPaths = (
			);
			name = "[CP] Copy Pods Resources";
			outputPaths = (
			);
			runOnlyForDeploymentPostprocessing = 0;
			shellPath = /bin/sh;
			shellScript = "\"${SRCROOT}/Pods/Target Support Files/Pods-TimerAppTests/Pods-TimerAppTests-resources.sh\"\n";
			showEnvVarsInLog = 0;
		};
		E2CC030807C1BFE8A215B94B /* [CP] Check Pods Manifest.lock */ = {
			isa = PBXShellScriptBuildPhase;
			buildActionMask = 2147483647;
			files = (
			);
			inputPaths = (
			);
			name = "[CP] Check Pods Manifest.lock";
			outputPaths = (
			);
			runOnlyForDeploymentPostprocessing = 0;
			shellPath = /bin/sh;
			shellScript = "diff \"${PODS_PODFILE_DIR_PATH}/Podfile.lock\" \"${PODS_ROOT}/Manifest.lock\" > /dev/null\nif [ $? != 0 ] ; then\n    # print error to STDERR\n    echo \"error: The sandbox is not in sync with the Podfile.lock. Run 'pod install' or update your CocoaPods installation.\" >&2\n    exit 1\nfi\n";
			showEnvVarsInLog = 0;
		};
		FF30D1108F91751814056DA0 /* [CP] Embed Pods Frameworks */ = {
			isa = PBXShellScriptBuildPhase;
			buildActionMask = 2147483647;
			files = (
			);
			inputPaths = (
			);
			name = "[CP] Embed Pods Frameworks";
			outputPaths = (
			);
			runOnlyForDeploymentPostprocessing = 0;
			shellPath = /bin/sh;
			shellScript = "\"${SRCROOT}/Pods/Target Support Files/Pods-TimerAppTests/Pods-TimerAppTests-frameworks.sh\"\n";
			showEnvVarsInLog = 0;
		};
/* End PBXShellScriptBuildPhase section */

/* Begin PBXSourcesBuildPhase section */
		61A9ADB81CF73B3700B6A12B /* Sources */ = {
			isa = PBXSourcesBuildPhase;
			buildActionMask = 2147483647;
			files = (
				6172F6DB1ECF73B10021F1E0 /* Constants.swift in Sources */,
				117945511D522F2600D8B6DE /* AboutViewController.swift in Sources */,
				61F528791D93ED8900E3C2E4 /* PrivateConstants.swift in Sources */,
				610C57491F2CCBB500AB0909 /* Speaker.swift in Sources */,
				2EEF6A131F34EB86008DF463 /* RoundedPickerView.swift in Sources */,
				619656011F2C9516008FAF1D /* IntervalViewController.swift in Sources */,
				61D0F0001F2E241B00FE08A0 /* DrawView.swift in Sources */,
				61A9ADEE1CF73BEB00B6A12B /* SpeechViewController.swift in Sources */,
				61A9ADC01CF73B3700B6A12B /* AppDelegate.swift in Sources */,
				610C57471F2CCA8300AB0909 /* Extensions.swift in Sources */,
			);
			runOnlyForDeploymentPostprocessing = 0;
		};
		61A9ADCC1CF73B3700B6A12B /* Sources */ = {
			isa = PBXSourcesBuildPhase;
			buildActionMask = 2147483647;
			files = (
				61A9ADD51CF73B3700B6A12B /* TimerAppTests.swift in Sources */,
			);
			runOnlyForDeploymentPostprocessing = 0;
		};
		61A9ADD71CF73B3700B6A12B /* Sources */ = {
			isa = PBXSourcesBuildPhase;
			buildActionMask = 2147483647;
			files = (
				61A9ADE01CF73B3700B6A12B /* TimerAppUITests.swift in Sources */,
			);
			runOnlyForDeploymentPostprocessing = 0;
		};
/* End PBXSourcesBuildPhase section */

/* Begin PBXTargetDependency section */
		61A9ADD21CF73B3700B6A12B /* PBXTargetDependency */ = {
			isa = PBXTargetDependency;
			target = 61A9ADBB1CF73B3700B6A12B /* TimerApp */;
			targetProxy = 61A9ADD11CF73B3700B6A12B /* PBXContainerItemProxy */;
		};
		61A9ADDD1CF73B3700B6A12B /* PBXTargetDependency */ = {
			isa = PBXTargetDependency;
			target = 61A9ADBB1CF73B3700B6A12B /* TimerApp */;
			targetProxy = 61A9ADDC1CF73B3700B6A12B /* PBXContainerItemProxy */;
		};
/* End PBXTargetDependency section */

/* Begin PBXVariantGroup section */
		117945561D52483900D8B6DE /* Localizable.strings */ = {
			isa = PBXVariantGroup;
			children = (
				117945551D52483900D8B6DE /* Base */,
			);
			name = Localizable.strings;
			sourceTree = "<group>";
		};
		61A9ADC31CF73B3700B6A12B /* Main.storyboard */ = {
			isa = PBXVariantGroup;
			children = (
				61A9ADC41CF73B3700B6A12B /* Base */,
			);
			name = Main.storyboard;
			sourceTree = "<group>";
		};
		61A9ADC81CF73B3700B6A12B /* LaunchScreen.storyboard */ = {
			isa = PBXVariantGroup;
			children = (
				61A9ADC91CF73B3700B6A12B /* Base */,
			);
			name = LaunchScreen.storyboard;
			sourceTree = "<group>";
		};
/* End PBXVariantGroup section */

/* Begin XCBuildConfiguration section */
		61A9ADE21CF73B3800B6A12B /* Debug */ = {
			isa = XCBuildConfiguration;
			buildSettings = {
				ALWAYS_SEARCH_USER_PATHS = NO;
				CLANG_ANALYZER_NONNULL = YES;
				CLANG_CXX_LANGUAGE_STANDARD = "gnu++0x";
				CLANG_CXX_LIBRARY = "libc++";
				CLANG_ENABLE_MODULES = YES;
				CLANG_ENABLE_OBJC_ARC = YES;
				CLANG_WARN_BOOL_CONVERSION = YES;
				CLANG_WARN_CONSTANT_CONVERSION = YES;
				CLANG_WARN_DIRECT_OBJC_ISA_USAGE = YES_ERROR;
				CLANG_WARN_EMPTY_BODY = YES;
				CLANG_WARN_ENUM_CONVERSION = YES;
				CLANG_WARN_INFINITE_RECURSION = YES;
				CLANG_WARN_INT_CONVERSION = YES;
				CLANG_WARN_OBJC_ROOT_CLASS = YES_ERROR;
				CLANG_WARN_SUSPICIOUS_MOVE = YES;
				CLANG_WARN_UNREACHABLE_CODE = YES;
				CLANG_WARN__DUPLICATE_METHOD_MATCH = YES;
				"CODE_SIGN_IDENTITY[sdk=iphoneos*]" = "iPhone Developer";
				COPY_PHASE_STRIP = NO;
				DEBUG_INFORMATION_FORMAT = "dwarf-with-dsym";
				ENABLE_STRICT_OBJC_MSGSEND = YES;
				ENABLE_TESTABILITY = YES;
				GCC_C_LANGUAGE_STANDARD = gnu99;
				GCC_DYNAMIC_NO_PIC = NO;
				GCC_NO_COMMON_BLOCKS = YES;
				GCC_OPTIMIZATION_LEVEL = 0;
				GCC_PREPROCESSOR_DEFINITIONS = (
					"DEBUG=1",
					"$(inherited)",
				);
				GCC_WARN_64_TO_32_BIT_CONVERSION = YES;
				GCC_WARN_ABOUT_RETURN_TYPE = YES_ERROR;
				GCC_WARN_UNDECLARED_SELECTOR = YES;
				GCC_WARN_UNINITIALIZED_AUTOS = YES_AGGRESSIVE;
				GCC_WARN_UNUSED_FUNCTION = YES;
				GCC_WARN_UNUSED_VARIABLE = YES;
				IPHONEOS_DEPLOYMENT_TARGET = 10.0;
				MTL_ENABLE_DEBUG_INFO = YES;
				ONLY_ACTIVE_ARCH = YES;
				SDKROOT = iphoneos;
				SWIFT_OPTIMIZATION_LEVEL = "-Onone";
				TARGETED_DEVICE_FAMILY = "1,2";
			};
			name = Debug;
		};
		61A9ADE31CF73B3800B6A12B /* Release */ = {
			isa = XCBuildConfiguration;
			buildSettings = {
				ALWAYS_SEARCH_USER_PATHS = NO;
				CLANG_ANALYZER_NONNULL = YES;
				CLANG_CXX_LANGUAGE_STANDARD = "gnu++0x";
				CLANG_CXX_LIBRARY = "libc++";
				CLANG_ENABLE_MODULES = YES;
				CLANG_ENABLE_OBJC_ARC = YES;
				CLANG_WARN_BOOL_CONVERSION = YES;
				CLANG_WARN_CONSTANT_CONVERSION = YES;
				CLANG_WARN_DIRECT_OBJC_ISA_USAGE = YES_ERROR;
				CLANG_WARN_EMPTY_BODY = YES;
				CLANG_WARN_ENUM_CONVERSION = YES;
				CLANG_WARN_INFINITE_RECURSION = YES;
				CLANG_WARN_INT_CONVERSION = YES;
				CLANG_WARN_OBJC_ROOT_CLASS = YES_ERROR;
				CLANG_WARN_SUSPICIOUS_MOVE = YES;
				CLANG_WARN_UNREACHABLE_CODE = YES;
				CLANG_WARN__DUPLICATE_METHOD_MATCH = YES;
				"CODE_SIGN_IDENTITY[sdk=iphoneos*]" = "iPhone Developer";
				COPY_PHASE_STRIP = NO;
				DEBUG_INFORMATION_FORMAT = "dwarf-with-dsym";
				ENABLE_NS_ASSERTIONS = NO;
				ENABLE_STRICT_OBJC_MSGSEND = YES;
				GCC_C_LANGUAGE_STANDARD = gnu99;
				GCC_NO_COMMON_BLOCKS = YES;
				GCC_WARN_64_TO_32_BIT_CONVERSION = YES;
				GCC_WARN_ABOUT_RETURN_TYPE = YES_ERROR;
				GCC_WARN_UNDECLARED_SELECTOR = YES;
				GCC_WARN_UNINITIALIZED_AUTOS = YES_AGGRESSIVE;
				GCC_WARN_UNUSED_FUNCTION = YES;
				GCC_WARN_UNUSED_VARIABLE = YES;
				IPHONEOS_DEPLOYMENT_TARGET = 10.0;
				MTL_ENABLE_DEBUG_INFO = NO;
				SDKROOT = iphoneos;
				SWIFT_OPTIMIZATION_LEVEL = "-Owholemodule";
				TARGETED_DEVICE_FAMILY = "1,2";
				VALIDATE_PRODUCT = YES;
			};
			name = Release;
		};
		61A9ADE51CF73B3800B6A12B /* Debug */ = {
			isa = XCBuildConfiguration;
			baseConfigurationReference = FD256A573DA3EC0480E9C74D /* Pods-TimerApp.debug.xcconfig */;
			buildSettings = {
				ASSETCATALOG_COMPILER_APPICON_NAME = AppIcon;
				CODE_SIGN_ENTITLEMENTS = TimerApp/TimerApp.entitlements;
				CODE_SIGN_IDENTITY = "iPhone Developer: David Symhoven (Y7K34L7D83)";
				"CODE_SIGN_IDENTITY[sdk=iphoneos*]" = "iPhone Developer: David Symhoven (Y7K34L7D83)";
				DEVELOPMENT_TEAM = AD4H7C77R6;
				FRAMEWORK_SEARCH_PATHS = (
					"$(inherited)",
					"$(PROJECT_DIR)/TimerApp",
				);
				INFOPLIST_FILE = TimerApp/Info.plist;
				IPHONEOS_DEPLOYMENT_TARGET = 10.0;
				LD_RUNPATH_SEARCH_PATHS = "$(inherited) @executable_path/Frameworks";
				OTHER_SWIFT_FLAGS = "-D DEBUG";
				PRODUCT_BUNDLE_IDENTIFIER = de.dsymhoven.FitnessTimer;
				PRODUCT_NAME = "$(TARGET_NAME)";
				PROVISIONING_PROFILE = "cc814d7a-e2be-4b9b-8ae6-fdba888ee3cf";
				PROVISIONING_PROFILE_SPECIFIER = FitnessTimerDevelopment;
				SWIFT_VERSION = 3.0;
				TARGETED_DEVICE_FAMILY = 1;
			};
			name = Debug;
		};
		61A9ADE61CF73B3800B6A12B /* Release */ = {
			isa = XCBuildConfiguration;
			baseConfigurationReference = FD6AE01814BB799660419886 /* Pods-TimerApp.release.xcconfig */;
			buildSettings = {
				ASSETCATALOG_COMPILER_APPICON_NAME = AppIcon;
				CODE_SIGN_ENTITLEMENTS = TimerApp/TimerApp.entitlements;
				CODE_SIGN_IDENTITY = "iPhone Distribution: David Symhoven (AD4H7C77R6)";
				"CODE_SIGN_IDENTITY[sdk=iphoneos*]" = "iPhone Distribution: David Symhoven (AD4H7C77R6)";
				DEVELOPMENT_TEAM = AD4H7C77R6;
				FRAMEWORK_SEARCH_PATHS = (
					"$(inherited)",
					"$(PROJECT_DIR)/TimerApp",
				);
				INFOPLIST_FILE = TimerApp/Info.plist;
				IPHONEOS_DEPLOYMENT_TARGET = 10.0;
				LD_RUNPATH_SEARCH_PATHS = "$(inherited) @executable_path/Frameworks";
				PRODUCT_BUNDLE_IDENTIFIER = de.dsymhoven.FitnessTimer;
				PRODUCT_NAME = "$(TARGET_NAME)";
				PROVISIONING_PROFILE = "74b31704-d8b0-4f3b-8fd9-d9d4a7f5ad3f";
				PROVISIONING_PROFILE_SPECIFIER = FitnessTimerDistribution;
				SWIFT_VERSION = 3.0;
				TARGETED_DEVICE_FAMILY = 1;
			};
			name = Release;
		};
		61A9ADE81CF73B3800B6A12B /* Debug */ = {
			isa = XCBuildConfiguration;
			baseConfigurationReference = 513FBC9C917974284A8050C9 /* Pods-TimerAppTests.debug.xcconfig */;
			buildSettings = {
				BUNDLE_LOADER = "$(TEST_HOST)";
				INFOPLIST_FILE = TimerAppTests/Info.plist;
				LD_RUNPATH_SEARCH_PATHS = "$(inherited) @executable_path/Frameworks @loader_path/Frameworks";
				PRODUCT_BUNDLE_IDENTIFIER = de.davidsymhoven.TimerAppTests;
				PRODUCT_NAME = "$(TARGET_NAME)";
				SWIFT_VERSION = 3.0;
				TEST_HOST = "$(BUILT_PRODUCTS_DIR)/TimerApp.app/TimerApp";
			};
			name = Debug;
		};
		61A9ADE91CF73B3800B6A12B /* Release */ = {
			isa = XCBuildConfiguration;
			baseConfigurationReference = 6DE91FB4B38815BD6C7A28F0 /* Pods-TimerAppTests.release.xcconfig */;
			buildSettings = {
				BUNDLE_LOADER = "$(TEST_HOST)";
				INFOPLIST_FILE = TimerAppTests/Info.plist;
				LD_RUNPATH_SEARCH_PATHS = "$(inherited) @executable_path/Frameworks @loader_path/Frameworks";
				PRODUCT_BUNDLE_IDENTIFIER = de.davidsymhoven.TimerAppTests;
				PRODUCT_NAME = "$(TARGET_NAME)";
				SWIFT_VERSION = 3.0;
				TEST_HOST = "$(BUILT_PRODUCTS_DIR)/TimerApp.app/TimerApp";
			};
			name = Release;
		};
		61A9ADEB1CF73B3800B6A12B /* Debug */ = {
			isa = XCBuildConfiguration;
			baseConfigurationReference = 12692C3D80FD1F109396F4FE /* Pods-TimerAppUITests.debug.xcconfig */;
			buildSettings = {
				INFOPLIST_FILE = TimerAppUITests/Info.plist;
				LD_RUNPATH_SEARCH_PATHS = "$(inherited) @executable_path/Frameworks @loader_path/Frameworks";
				PRODUCT_BUNDLE_IDENTIFIER = de.davidsymhoven.TimerAppUITests;
				PRODUCT_NAME = "$(TARGET_NAME)";
				SWIFT_VERSION = 3.0;
				TEST_TARGET_NAME = TimerApp;
			};
			name = Debug;
		};
		61A9ADEC1CF73B3800B6A12B /* Release */ = {
			isa = XCBuildConfiguration;
			baseConfigurationReference = D135309B3A6466734611B738 /* Pods-TimerAppUITests.release.xcconfig */;
			buildSettings = {
				INFOPLIST_FILE = TimerAppUITests/Info.plist;
				LD_RUNPATH_SEARCH_PATHS = "$(inherited) @executable_path/Frameworks @loader_path/Frameworks";
				PRODUCT_BUNDLE_IDENTIFIER = de.davidsymhoven.TimerAppUITests;
				PRODUCT_NAME = "$(TARGET_NAME)";
				SWIFT_VERSION = 3.0;
				TEST_TARGET_NAME = TimerApp;
			};
			name = Release;
		};
/* End XCBuildConfiguration section */

/* Begin XCConfigurationList section */
		61A9ADB71CF73B3700B6A12B /* Build configuration list for PBXProject "TimerApp" */ = {
			isa = XCConfigurationList;
			buildConfigurations = (
				61A9ADE21CF73B3800B6A12B /* Debug */,
				61A9ADE31CF73B3800B6A12B /* Release */,
			);
			defaultConfigurationIsVisible = 0;
			defaultConfigurationName = Release;
		};
		61A9ADE41CF73B3800B6A12B /* Build configuration list for PBXNativeTarget "TimerApp" */ = {
			isa = XCConfigurationList;
			buildConfigurations = (
				61A9ADE51CF73B3800B6A12B /* Debug */,
				61A9ADE61CF73B3800B6A12B /* Release */,
			);
			defaultConfigurationIsVisible = 0;
			defaultConfigurationName = Release;
		};
		61A9ADE71CF73B3800B6A12B /* Build configuration list for PBXNativeTarget "TimerAppTests" */ = {
			isa = XCConfigurationList;
			buildConfigurations = (
				61A9ADE81CF73B3800B6A12B /* Debug */,
				61A9ADE91CF73B3800B6A12B /* Release */,
			);
			defaultConfigurationIsVisible = 0;
			defaultConfigurationName = Release;
		};
		61A9ADEA1CF73B3800B6A12B /* Build configuration list for PBXNativeTarget "TimerAppUITests" */ = {
			isa = XCConfigurationList;
			buildConfigurations = (
				61A9ADEB1CF73B3800B6A12B /* Debug */,
				61A9ADEC1CF73B3800B6A12B /* Release */,
			);
			defaultConfigurationIsVisible = 0;
			defaultConfigurationName = Release;
		};
/* End XCConfigurationList section */
	};
	rootObject = 61A9ADB41CF73B3700B6A12B /* Project object */;
}
